// !$*UTF8*$!
{
	archiveVersion = 1;
	classes = {
	};
	objectVersion = 56;
	objects = {

/* Begin PBXBuildFile section */
		7A07C2622AD9F442009980D2 /* ContentViewViewModel.swift in Sources */ = {isa = PBXBuildFile; fileRef = 7A07C2612AD9F442009980D2 /* ContentViewViewModel.swift */; };
		7A07C2652AD9F490009980D2 /* FirebaseAnalytics in Frameworks */ = {isa = PBXBuildFile; productRef = 7A07C2642AD9F490009980D2 /* FirebaseAnalytics */; };
		7A07C2672AD9F490009980D2 /* FirebaseAnalyticsOnDeviceConversion in Frameworks */ = {isa = PBXBuildFile; productRef = 7A07C2662AD9F490009980D2 /* FirebaseAnalyticsOnDeviceConversion */; };
		7A07C2692AD9F490009980D2 /* FirebaseAnalyticsSwift in Frameworks */ = {isa = PBXBuildFile; productRef = 7A07C2682AD9F490009980D2 /* FirebaseAnalyticsSwift */; };
		7A07C26B2AD9F490009980D2 /* FirebaseAnalyticsWithoutAdIdSupport in Frameworks */ = {isa = PBXBuildFile; productRef = 7A07C26A2AD9F490009980D2 /* FirebaseAnalyticsWithoutAdIdSupport */; };
		7A07C26D2AD9F490009980D2 /* FirebaseAppCheck in Frameworks */ = {isa = PBXBuildFile; productRef = 7A07C26C2AD9F490009980D2 /* FirebaseAppCheck */; };
		7A07C26F2AD9F490009980D2 /* FirebaseAppDistribution-Beta in Frameworks */ = {isa = PBXBuildFile; productRef = 7A07C26E2AD9F490009980D2 /* FirebaseAppDistribution-Beta */; };
		7A07C2712AD9F490009980D2 /* FirebaseAuth in Frameworks */ = {isa = PBXBuildFile; productRef = 7A07C2702AD9F490009980D2 /* FirebaseAuth */; };
		7A07C2732AD9F490009980D2 /* FirebaseAuthCombine-Community in Frameworks */ = {isa = PBXBuildFile; productRef = 7A07C2722AD9F490009980D2 /* FirebaseAuthCombine-Community */; };
		7A07C2752AD9F490009980D2 /* FirebaseCrashlytics in Frameworks */ = {isa = PBXBuildFile; productRef = 7A07C2742AD9F490009980D2 /* FirebaseCrashlytics */; };
		7A07C2772AD9F490009980D2 /* FirebaseDatabase in Frameworks */ = {isa = PBXBuildFile; productRef = 7A07C2762AD9F490009980D2 /* FirebaseDatabase */; };
		7A07C2792AD9F490009980D2 /* FirebaseDatabaseSwift in Frameworks */ = {isa = PBXBuildFile; productRef = 7A07C2782AD9F490009980D2 /* FirebaseDatabaseSwift */; };
		7A07C27B2AD9F490009980D2 /* FirebaseDynamicLinks in Frameworks */ = {isa = PBXBuildFile; productRef = 7A07C27A2AD9F490009980D2 /* FirebaseDynamicLinks */; };
		7A07C27D2AD9F490009980D2 /* FirebaseFirestore in Frameworks */ = {isa = PBXBuildFile; productRef = 7A07C27C2AD9F490009980D2 /* FirebaseFirestore */; };
		7A07C27F2AD9F490009980D2 /* FirebaseFirestoreCombine-Community in Frameworks */ = {isa = PBXBuildFile; productRef = 7A07C27E2AD9F490009980D2 /* FirebaseFirestoreCombine-Community */; };
		7A07C2812AD9F490009980D2 /* FirebaseFirestoreSwift in Frameworks */ = {isa = PBXBuildFile; productRef = 7A07C2802AD9F490009980D2 /* FirebaseFirestoreSwift */; };
		7A07C2832AD9F490009980D2 /* FirebaseFunctions in Frameworks */ = {isa = PBXBuildFile; productRef = 7A07C2822AD9F490009980D2 /* FirebaseFunctions */; };
		7A07C2852AD9F490009980D2 /* FirebaseFunctionsCombine-Community in Frameworks */ = {isa = PBXBuildFile; productRef = 7A07C2842AD9F490009980D2 /* FirebaseFunctionsCombine-Community */; };
		7A07C2872AD9F490009980D2 /* FirebaseInAppMessaging-Beta in Frameworks */ = {isa = PBXBuildFile; productRef = 7A07C2862AD9F490009980D2 /* FirebaseInAppMessaging-Beta */; };
		7A07C2892AD9F490009980D2 /* FirebaseInAppMessagingSwift-Beta in Frameworks */ = {isa = PBXBuildFile; productRef = 7A07C2882AD9F490009980D2 /* FirebaseInAppMessagingSwift-Beta */; };
		7A07C28B2AD9F490009980D2 /* FirebaseInstallations in Frameworks */ = {isa = PBXBuildFile; productRef = 7A07C28A2AD9F490009980D2 /* FirebaseInstallations */; };
		7A07C28D2AD9F490009980D2 /* FirebaseMLModelDownloader in Frameworks */ = {isa = PBXBuildFile; productRef = 7A07C28C2AD9F490009980D2 /* FirebaseMLModelDownloader */; };
		7A07C28F2AD9F490009980D2 /* FirebaseMessaging in Frameworks */ = {isa = PBXBuildFile; productRef = 7A07C28E2AD9F490009980D2 /* FirebaseMessaging */; };
		7A07C2912AD9F490009980D2 /* FirebasePerformance in Frameworks */ = {isa = PBXBuildFile; productRef = 7A07C2902AD9F490009980D2 /* FirebasePerformance */; };
		7A07C2932AD9F490009980D2 /* FirebaseRemoteConfig in Frameworks */ = {isa = PBXBuildFile; productRef = 7A07C2922AD9F490009980D2 /* FirebaseRemoteConfig */; };
		7A07C2952AD9F490009980D2 /* FirebaseRemoteConfigSwift in Frameworks */ = {isa = PBXBuildFile; productRef = 7A07C2942AD9F490009980D2 /* FirebaseRemoteConfigSwift */; };
		7A07C2972AD9F490009980D2 /* FirebaseStorage in Frameworks */ = {isa = PBXBuildFile; productRef = 7A07C2962AD9F490009980D2 /* FirebaseStorage */; };
		7A07C2992AD9F490009980D2 /* FirebaseStorageCombine-Community in Frameworks */ = {isa = PBXBuildFile; productRef = 7A07C2982AD9F490009980D2 /* FirebaseStorageCombine-Community */; };
		7A07C29B2AD9F586009980D2 /* NavView.swift in Sources */ = {isa = PBXBuildFile; fileRef = 7A07C29A2AD9F586009980D2 /* NavView.swift */; };
		7A3326832AD0BE720048E4C7 /* HomeView.swift in Sources */ = {isa = PBXBuildFile; fileRef = 7A3326822AD0BE720048E4C7 /* HomeView.swift */; };
		7A3326852AD0BE940048E4C7 /* ListView.swift in Sources */ = {isa = PBXBuildFile; fileRef = 7A3326842AD0BE940048E4C7 /* ListView.swift */; };
		7A3326872AD0BE9E0048E4C7 /* AccountView.swift in Sources */ = {isa = PBXBuildFile; fileRef = 7A3326862AD0BE9E0048E4C7 /* AccountView.swift */; };
		7A4F16402AE32DB900BC34EC /* GoogleService-Info.plist in Resources */ = {isa = PBXBuildFile; fileRef = 7A4F163F2AE32DB900BC34EC /* GoogleService-Info.plist */; };
		8BAD15372ADE5A1E00DDE7D7 /* AccountViewViewModel.swift in Sources */ = {isa = PBXBuildFile; fileRef = 8BAD15362ADE5A1E00DDE7D7 /* AccountViewViewModel.swift */; };
		8BCFC7D32ADE438F00FE94C2 /* LogInViewViewModel.swift in Sources */ = {isa = PBXBuildFile; fileRef = 8BCFC7D22ADE438F00FE94C2 /* LogInViewViewModel.swift */; };
		8BCFC7D52ADE446300FE94C2 /* RegisterViewViewModel.swift in Sources */ = {isa = PBXBuildFile; fileRef = 8BCFC7D42ADE446300FE94C2 /* RegisterViewViewModel.swift */; };
		8BCFC7D72ADE44AC00FE94C2 /* User.swift in Sources */ = {isa = PBXBuildFile; fileRef = 8BCFC7D62ADE44AC00FE94C2 /* User.swift */; };
		8BCFC7DA2ADE451700FE94C2 /* Extensions.swift in Sources */ = {isa = PBXBuildFile; fileRef = 8BCFC7D92ADE451700FE94C2 /* Extensions.swift */; };
		8BCFC7DC2ADE45A000FE94C2 /* LoginView.swift in Sources */ = {isa = PBXBuildFile; fileRef = 8BCFC7DB2ADE45A000FE94C2 /* LoginView.swift */; };
		8BCFC7DE2ADE45DC00FE94C2 /* HeaderView.swift in Sources */ = {isa = PBXBuildFile; fileRef = 8BCFC7DD2ADE45DC00FE94C2 /* HeaderView.swift */; };
		8BCFC7E02ADE463900FE94C2 /* RegisterView.swift in Sources */ = {isa = PBXBuildFile; fileRef = 8BCFC7DF2ADE463900FE94C2 /* RegisterView.swift */; };
		9098C0A82ADDAC7700D2905D /* ImageListViewModel.swift in Sources */ = {isa = PBXBuildFile; fileRef = 9098C0A72ADDAC7700D2905D /* ImageListViewModel.swift */; };
		9098C0AA2ADDAF8300D2905D /* ImageModel.swift in Sources */ = {isa = PBXBuildFile; fileRef = 9098C0A92ADDAF8300D2905D /* ImageModel.swift */; };
		9098C0AC2ADDB02200D2905D /* ImageView.swift in Sources */ = {isa = PBXBuildFile; fileRef = 9098C0AB2ADDB02200D2905D /* ImageView.swift */; };
		9098C0AE2ADDCDE200D2905D /* EdamamAPIResponse.swift in Sources */ = {isa = PBXBuildFile; fileRef = 9098C0AD2ADDCDE200D2905D /* EdamamAPIResponse.swift */; };
		9098C0B02ADDF67900D2905D /* ImageDetailPage.swift in Sources */ = {isa = PBXBuildFile; fileRef = 9098C0AF2ADDF67900D2905D /* ImageDetailPage.swift */; };
		9098C0B32ADDF6FA00D2905D /* DictionaryUrl.swift in Sources */ = {isa = PBXBuildFile; fileRef = 9098C0B22ADDF6FA00D2905D /* DictionaryUrl.swift */; };
		90C946A62ACB452400B9A984 /* RecipeYumApp.swift in Sources */ = {isa = PBXBuildFile; fileRef = 90C946A52ACB452400B9A984 /* RecipeYumApp.swift */; };
		90C946A82ACB452400B9A984 /* ContentView.swift in Sources */ = {isa = PBXBuildFile; fileRef = 90C946A72ACB452400B9A984 /* ContentView.swift */; };
		90C946AA2ACB452700B9A984 /* Assets.xcassets in Resources */ = {isa = PBXBuildFile; fileRef = 90C946A92ACB452700B9A984 /* Assets.xcassets */; };
		90C946AD2ACB452700B9A984 /* Preview Assets.xcassets in Resources */ = {isa = PBXBuildFile; fileRef = 90C946AC2ACB452700B9A984 /* Preview Assets.xcassets */; };
		90C946B72ACB452800B9A984 /* RecipeYumTests.swift in Sources */ = {isa = PBXBuildFile; fileRef = 90C946B62ACB452800B9A984 /* RecipeYumTests.swift */; };
		90C946C12ACB452800B9A984 /* RecipeYumUITests.swift in Sources */ = {isa = PBXBuildFile; fileRef = 90C946C02ACB452800B9A984 /* RecipeYumUITests.swift */; };
		90C946C32ACB452800B9A984 /* RecipeYumUITestsLaunchTests.swift in Sources */ = {isa = PBXBuildFile; fileRef = 90C946C22ACB452800B9A984 /* RecipeYumUITestsLaunchTests.swift */; };
/* End PBXBuildFile section */

/* Begin PBXContainerItemProxy section */
		90C946B32ACB452800B9A984 /* PBXContainerItemProxy */ = {
			isa = PBXContainerItemProxy;
			containerPortal = 90C9469A2ACB452300B9A984 /* Project object */;
			proxyType = 1;
			remoteGlobalIDString = 90C946A12ACB452400B9A984;
			remoteInfo = RecipeYum;
		};
		90C946BD2ACB452800B9A984 /* PBXContainerItemProxy */ = {
			isa = PBXContainerItemProxy;
			containerPortal = 90C9469A2ACB452300B9A984 /* Project object */;
			proxyType = 1;
			remoteGlobalIDString = 90C946A12ACB452400B9A984;
			remoteInfo = RecipeYum;
		};
/* End PBXContainerItemProxy section */

/* Begin PBXFileReference section */
		7A07C2612AD9F442009980D2 /* ContentViewViewModel.swift */ = {isa = PBXFileReference; lastKnownFileType = sourcecode.swift; path = ContentViewViewModel.swift; sourceTree = "<group>"; };
		7A07C29A2AD9F586009980D2 /* NavView.swift */ = {isa = PBXFileReference; lastKnownFileType = sourcecode.swift; path = NavView.swift; sourceTree = "<group>"; };
		7A3326822AD0BE720048E4C7 /* HomeView.swift */ = {isa = PBXFileReference; lastKnownFileType = sourcecode.swift; path = HomeView.swift; sourceTree = "<group>"; };
		7A3326842AD0BE940048E4C7 /* ListView.swift */ = {isa = PBXFileReference; lastKnownFileType = sourcecode.swift; path = ListView.swift; sourceTree = "<group>"; };
		7A3326862AD0BE9E0048E4C7 /* AccountView.swift */ = {isa = PBXFileReference; lastKnownFileType = sourcecode.swift; path = AccountView.swift; sourceTree = "<group>"; };
		7A4F163F2AE32DB900BC34EC /* GoogleService-Info.plist */ = {isa = PBXFileReference; fileEncoding = 4; lastKnownFileType = text.plist.xml; name = "GoogleService-Info.plist"; path = "../../../../Downloads/GoogleService-Info.plist"; sourceTree = "<group>"; };
		8BAD15362ADE5A1E00DDE7D7 /* AccountViewViewModel.swift */ = {isa = PBXFileReference; lastKnownFileType = sourcecode.swift; path = AccountViewViewModel.swift; sourceTree = "<group>"; };
		8BCFC7D22ADE438F00FE94C2 /* LogInViewViewModel.swift */ = {isa = PBXFileReference; lastKnownFileType = sourcecode.swift; path = LogInViewViewModel.swift; sourceTree = "<group>"; };
		8BCFC7D42ADE446300FE94C2 /* RegisterViewViewModel.swift */ = {isa = PBXFileReference; lastKnownFileType = sourcecode.swift; path = RegisterViewViewModel.swift; sourceTree = "<group>"; };
		8BCFC7D62ADE44AC00FE94C2 /* User.swift */ = {isa = PBXFileReference; lastKnownFileType = sourcecode.swift; path = User.swift; sourceTree = "<group>"; };
		8BCFC7D92ADE451700FE94C2 /* Extensions.swift */ = {isa = PBXFileReference; lastKnownFileType = sourcecode.swift; path = Extensions.swift; sourceTree = "<group>"; };
		8BCFC7DB2ADE45A000FE94C2 /* LoginView.swift */ = {isa = PBXFileReference; lastKnownFileType = sourcecode.swift; path = LoginView.swift; sourceTree = "<group>"; };
		8BCFC7DD2ADE45DC00FE94C2 /* HeaderView.swift */ = {isa = PBXFileReference; lastKnownFileType = sourcecode.swift; path = HeaderView.swift; sourceTree = "<group>"; };
		8BCFC7DF2ADE463900FE94C2 /* RegisterView.swift */ = {isa = PBXFileReference; lastKnownFileType = sourcecode.swift; path = RegisterView.swift; sourceTree = "<group>"; };
		9098C0A72ADDAC7700D2905D /* ImageListViewModel.swift */ = {isa = PBXFileReference; lastKnownFileType = sourcecode.swift; path = ImageListViewModel.swift; sourceTree = "<group>"; };
		9098C0A92ADDAF8300D2905D /* ImageModel.swift */ = {isa = PBXFileReference; lastKnownFileType = sourcecode.swift; path = ImageModel.swift; sourceTree = "<group>"; };
		9098C0AB2ADDB02200D2905D /* ImageView.swift */ = {isa = PBXFileReference; lastKnownFileType = sourcecode.swift; path = ImageView.swift; sourceTree = "<group>"; };
		9098C0AD2ADDCDE200D2905D /* EdamamAPIResponse.swift */ = {isa = PBXFileReference; lastKnownFileType = sourcecode.swift; path = EdamamAPIResponse.swift; sourceTree = "<group>"; };
		9098C0AF2ADDF67900D2905D /* ImageDetailPage.swift */ = {isa = PBXFileReference; lastKnownFileType = sourcecode.swift; path = ImageDetailPage.swift; sourceTree = "<group>"; };
		9098C0B22ADDF6FA00D2905D /* DictionaryUrl.swift */ = {isa = PBXFileReference; lastKnownFileType = sourcecode.swift; path = DictionaryUrl.swift; sourceTree = "<group>"; };
		90C946A22ACB452400B9A984 /* RecipeYum.app */ = {isa = PBXFileReference; explicitFileType = wrapper.application; includeInIndex = 0; path = RecipeYum.app; sourceTree = BUILT_PRODUCTS_DIR; };
		90C946A52ACB452400B9A984 /* RecipeYumApp.swift */ = {isa = PBXFileReference; lastKnownFileType = sourcecode.swift; path = RecipeYumApp.swift; sourceTree = "<group>"; };
		90C946A72ACB452400B9A984 /* ContentView.swift */ = {isa = PBXFileReference; lastKnownFileType = sourcecode.swift; path = ContentView.swift; sourceTree = "<group>"; };
		90C946A92ACB452700B9A984 /* Assets.xcassets */ = {isa = PBXFileReference; lastKnownFileType = folder.assetcatalog; path = Assets.xcassets; sourceTree = "<group>"; };
		90C946AC2ACB452700B9A984 /* Preview Assets.xcassets */ = {isa = PBXFileReference; lastKnownFileType = folder.assetcatalog; path = "Preview Assets.xcassets"; sourceTree = "<group>"; };
		90C946B22ACB452800B9A984 /* RecipeYumTests.xctest */ = {isa = PBXFileReference; explicitFileType = wrapper.cfbundle; includeInIndex = 0; path = RecipeYumTests.xctest; sourceTree = BUILT_PRODUCTS_DIR; };
		90C946B62ACB452800B9A984 /* RecipeYumTests.swift */ = {isa = PBXFileReference; lastKnownFileType = sourcecode.swift; path = RecipeYumTests.swift; sourceTree = "<group>"; };
		90C946BC2ACB452800B9A984 /* RecipeYumUITests.xctest */ = {isa = PBXFileReference; explicitFileType = wrapper.cfbundle; includeInIndex = 0; path = RecipeYumUITests.xctest; sourceTree = BUILT_PRODUCTS_DIR; };
		90C946C02ACB452800B9A984 /* RecipeYumUITests.swift */ = {isa = PBXFileReference; lastKnownFileType = sourcecode.swift; path = RecipeYumUITests.swift; sourceTree = "<group>"; };
		90C946C22ACB452800B9A984 /* RecipeYumUITestsLaunchTests.swift */ = {isa = PBXFileReference; lastKnownFileType = sourcecode.swift; path = RecipeYumUITestsLaunchTests.swift; sourceTree = "<group>"; };
/* End PBXFileReference section */

/* Begin PBXFrameworksBuildPhase section */
		90C9469F2ACB452400B9A984 /* Frameworks */ = {
			isa = PBXFrameworksBuildPhase;
			buildActionMask = 2147483647;
			files = (
				7A07C2772AD9F490009980D2 /* FirebaseDatabase in Frameworks */,
				7A07C2852AD9F490009980D2 /* FirebaseFunctionsCombine-Community in Frameworks */,
				7A07C27D2AD9F490009980D2 /* FirebaseFirestore in Frameworks */,
				7A07C2692AD9F490009980D2 /* FirebaseAnalyticsSwift in Frameworks */,
				7A07C2652AD9F490009980D2 /* FirebaseAnalytics in Frameworks */,
				7A07C2672AD9F490009980D2 /* FirebaseAnalyticsOnDeviceConversion in Frameworks */,
				7A07C28D2AD9F490009980D2 /* FirebaseMLModelDownloader in Frameworks */,
				7A07C2812AD9F490009980D2 /* FirebaseFirestoreSwift in Frameworks */,
				7A07C26D2AD9F490009980D2 /* FirebaseAppCheck in Frameworks */,
				7A07C26B2AD9F490009980D2 /* FirebaseAnalyticsWithoutAdIdSupport in Frameworks */,
				7A07C2712AD9F490009980D2 /* FirebaseAuth in Frameworks */,
				7A07C2752AD9F490009980D2 /* FirebaseCrashlytics in Frameworks */,
				7A07C2952AD9F490009980D2 /* FirebaseRemoteConfigSwift in Frameworks */,
				7A07C2872AD9F490009980D2 /* FirebaseInAppMessaging-Beta in Frameworks */,
				7A07C2792AD9F490009980D2 /* FirebaseDatabaseSwift in Frameworks */,
				7A07C2832AD9F490009980D2 /* FirebaseFunctions in Frameworks */,
				7A07C2992AD9F490009980D2 /* FirebaseStorageCombine-Community in Frameworks */,
				7A07C2932AD9F490009980D2 /* FirebaseRemoteConfig in Frameworks */,
				7A07C26F2AD9F490009980D2 /* FirebaseAppDistribution-Beta in Frameworks */,
				7A07C2732AD9F490009980D2 /* FirebaseAuthCombine-Community in Frameworks */,
				7A07C2912AD9F490009980D2 /* FirebasePerformance in Frameworks */,
				7A07C2892AD9F490009980D2 /* FirebaseInAppMessagingSwift-Beta in Frameworks */,
				7A07C2972AD9F490009980D2 /* FirebaseStorage in Frameworks */,
				7A07C27B2AD9F490009980D2 /* FirebaseDynamicLinks in Frameworks */,
				7A07C27F2AD9F490009980D2 /* FirebaseFirestoreCombine-Community in Frameworks */,
				7A07C28F2AD9F490009980D2 /* FirebaseMessaging in Frameworks */,
				7A07C28B2AD9F490009980D2 /* FirebaseInstallations in Frameworks */,
			);
			runOnlyForDeploymentPostprocessing = 0;
		};
		90C946AF2ACB452800B9A984 /* Frameworks */ = {
			isa = PBXFrameworksBuildPhase;
			buildActionMask = 2147483647;
			files = (
			);
			runOnlyForDeploymentPostprocessing = 0;
		};
		90C946B92ACB452800B9A984 /* Frameworks */ = {
			isa = PBXFrameworksBuildPhase;
			buildActionMask = 2147483647;
			files = (
			);
			runOnlyForDeploymentPostprocessing = 0;
		};
/* End PBXFrameworksBuildPhase section */

/* Begin PBXGroup section */
		7A07C25F2AD9F410009980D2 /* Views */ = {
			isa = PBXGroup;
			children = (
				90C946A72ACB452400B9A984 /* ContentView.swift */,
				7A3326822AD0BE720048E4C7 /* HomeView.swift */,
				7A3326842AD0BE940048E4C7 /* ListView.swift */,
				7A3326862AD0BE9E0048E4C7 /* AccountView.swift */,
				7A07C29A2AD9F586009980D2 /* NavView.swift */,
				9098C0AB2ADDB02200D2905D /* ImageView.swift */,
				9098C0AF2ADDF67900D2905D /* ImageDetailPage.swift */,
				8BCFC7DB2ADE45A000FE94C2 /* LoginView.swift */,
				8BCFC7DD2ADE45DC00FE94C2 /* HeaderView.swift */,
				8BCFC7DF2ADE463900FE94C2 /* RegisterView.swift */,
			);
			path = Views;
			sourceTree = "<group>";
		};
		7A07C2602AD9F42F009980D2 /* ViewModels */ = {
			isa = PBXGroup;
			children = (
				7A07C2612AD9F442009980D2 /* ContentViewViewModel.swift */,
				9098C0A72ADDAC7700D2905D /* ImageListViewModel.swift */,
				8BCFC7D22ADE438F00FE94C2 /* LogInViewViewModel.swift */,
				8BCFC7D42ADE446300FE94C2 /* RegisterViewViewModel.swift */,
				8BAD15362ADE5A1E00DDE7D7 /* AccountViewViewModel.swift */,
			);
			path = ViewModels;
			sourceTree = "<group>";
		};
		7A07C29C2AD9F630009980D2 /* Models */ = {
			isa = PBXGroup;
			children = (
				9098C0A92ADDAF8300D2905D /* ImageModel.swift */,
				9098C0AD2ADDCDE200D2905D /* EdamamAPIResponse.swift */,
				8BCFC7D62ADE44AC00FE94C2 /* User.swift */,
			);
			path = Models;
			sourceTree = "<group>";
		};
		8BCFC7D82ADE450200FE94C2 /* Others */ = {
			isa = PBXGroup;
			children = (
				7A4F163F2AE32DB900BC34EC /* GoogleService-Info.plist */,
				8BCFC7D92ADE451700FE94C2 /* Extensions.swift */,
			);
			path = Others;
			sourceTree = "<group>";
		};
		9098C0B12ADDF6D300D2905D /* Extensions */ = {
			isa = PBXGroup;
			children = (
				9098C0B22ADDF6FA00D2905D /* DictionaryUrl.swift */,
			);
			path = Extensions;
			sourceTree = "<group>";
		};
		90C946992ACB452300B9A984 = {
			isa = PBXGroup;
			children = (
				90C946A42ACB452400B9A984 /* RecipeYum */,
				90C946B52ACB452800B9A984 /* RecipeYumTests */,
				90C946BF2ACB452800B9A984 /* RecipeYumUITests */,
				90C946A32ACB452400B9A984 /* Products */,
			);
			sourceTree = "<group>";
		};
		90C946A32ACB452400B9A984 /* Products */ = {
			isa = PBXGroup;
			children = (
				90C946A22ACB452400B9A984 /* RecipeYum.app */,
				90C946B22ACB452800B9A984 /* RecipeYumTests.xctest */,
				90C946BC2ACB452800B9A984 /* RecipeYumUITests.xctest */,
			);
			name = Products;
			sourceTree = "<group>";
		};
		90C946A42ACB452400B9A984 /* RecipeYum */ = {
			isa = PBXGroup;
			children = (
				9098C0B12ADDF6D300D2905D /* Extensions */,
				7A07C29C2AD9F630009980D2 /* Models */,
				7A07C2602AD9F42F009980D2 /* ViewModels */,
				7A07C25F2AD9F410009980D2 /* Views */,
				90C946A92ACB452700B9A984 /* Assets.xcassets */,
				90C946A52ACB452400B9A984 /* RecipeYumApp.swift */,
				90C946AB2ACB452700B9A984 /* Preview Content */,
				8BCFC7D82ADE450200FE94C2 /* Others */,
			);
			path = RecipeYum;
			sourceTree = "<group>";
		};
		90C946AB2ACB452700B9A984 /* Preview Content */ = {
			isa = PBXGroup;
			children = (
				90C946AC2ACB452700B9A984 /* Preview Assets.xcassets */,
			);
			path = "Preview Content";
			sourceTree = "<group>";
		};
		90C946B52ACB452800B9A984 /* RecipeYumTests */ = {
			isa = PBXGroup;
			children = (
				90C946B62ACB452800B9A984 /* RecipeYumTests.swift */,
			);
			path = RecipeYumTests;
			sourceTree = "<group>";
		};
		90C946BF2ACB452800B9A984 /* RecipeYumUITests */ = {
			isa = PBXGroup;
			children = (
				90C946C02ACB452800B9A984 /* RecipeYumUITests.swift */,
				90C946C22ACB452800B9A984 /* RecipeYumUITestsLaunchTests.swift */,
			);
			path = RecipeYumUITests;
			sourceTree = "<group>";
		};
/* End PBXGroup section */

/* Begin PBXNativeTarget section */
		90C946A12ACB452400B9A984 /* RecipeYum */ = {
			isa = PBXNativeTarget;
			buildConfigurationList = 90C946C62ACB452800B9A984 /* Build configuration list for PBXNativeTarget "RecipeYum" */;
			buildPhases = (
				90C9469E2ACB452400B9A984 /* Sources */,
				90C9469F2ACB452400B9A984 /* Frameworks */,
				90C946A02ACB452400B9A984 /* Resources */,
			);
			buildRules = (
			);
			dependencies = (
			);
			name = RecipeYum;
			packageProductDependencies = (
				7A07C2642AD9F490009980D2 /* FirebaseAnalytics */,
				7A07C2662AD9F490009980D2 /* FirebaseAnalyticsOnDeviceConversion */,
				7A07C2682AD9F490009980D2 /* FirebaseAnalyticsSwift */,
				7A07C26A2AD9F490009980D2 /* FirebaseAnalyticsWithoutAdIdSupport */,
				7A07C26C2AD9F490009980D2 /* FirebaseAppCheck */,
				7A07C26E2AD9F490009980D2 /* FirebaseAppDistribution-Beta */,
				7A07C2702AD9F490009980D2 /* FirebaseAuth */,
				7A07C2722AD9F490009980D2 /* FirebaseAuthCombine-Community */,
				7A07C2742AD9F490009980D2 /* FirebaseCrashlytics */,
				7A07C2762AD9F490009980D2 /* FirebaseDatabase */,
				7A07C2782AD9F490009980D2 /* FirebaseDatabaseSwift */,
				7A07C27A2AD9F490009980D2 /* FirebaseDynamicLinks */,
				7A07C27C2AD9F490009980D2 /* FirebaseFirestore */,
				7A07C27E2AD9F490009980D2 /* FirebaseFirestoreCombine-Community */,
				7A07C2802AD9F490009980D2 /* FirebaseFirestoreSwift */,
				7A07C2822AD9F490009980D2 /* FirebaseFunctions */,
				7A07C2842AD9F490009980D2 /* FirebaseFunctionsCombine-Community */,
				7A07C2862AD9F490009980D2 /* FirebaseInAppMessaging-Beta */,
				7A07C2882AD9F490009980D2 /* FirebaseInAppMessagingSwift-Beta */,
				7A07C28A2AD9F490009980D2 /* FirebaseInstallations */,
				7A07C28C2AD9F490009980D2 /* FirebaseMLModelDownloader */,
				7A07C28E2AD9F490009980D2 /* FirebaseMessaging */,
				7A07C2902AD9F490009980D2 /* FirebasePerformance */,
				7A07C2922AD9F490009980D2 /* FirebaseRemoteConfig */,
				7A07C2942AD9F490009980D2 /* FirebaseRemoteConfigSwift */,
				7A07C2962AD9F490009980D2 /* FirebaseStorage */,
				7A07C2982AD9F490009980D2 /* FirebaseStorageCombine-Community */,
			);
			productName = RecipeYum;
			productReference = 90C946A22ACB452400B9A984 /* RecipeYum.app */;
			productType = "com.apple.product-type.application";
		};
		90C946B12ACB452800B9A984 /* RecipeYumTests */ = {
			isa = PBXNativeTarget;
			buildConfigurationList = 90C946C92ACB452800B9A984 /* Build configuration list for PBXNativeTarget "RecipeYumTests" */;
			buildPhases = (
				90C946AE2ACB452800B9A984 /* Sources */,
				90C946AF2ACB452800B9A984 /* Frameworks */,
				90C946B02ACB452800B9A984 /* Resources */,
			);
			buildRules = (
			);
			dependencies = (
				90C946B42ACB452800B9A984 /* PBXTargetDependency */,
			);
			name = RecipeYumTests;
			productName = RecipeYumTests;
			productReference = 90C946B22ACB452800B9A984 /* RecipeYumTests.xctest */;
			productType = "com.apple.product-type.bundle.unit-test";
		};
		90C946BB2ACB452800B9A984 /* RecipeYumUITests */ = {
			isa = PBXNativeTarget;
			buildConfigurationList = 90C946CC2ACB452800B9A984 /* Build configuration list for PBXNativeTarget "RecipeYumUITests" */;
			buildPhases = (
				90C946B82ACB452800B9A984 /* Sources */,
				90C946B92ACB452800B9A984 /* Frameworks */,
				90C946BA2ACB452800B9A984 /* Resources */,
			);
			buildRules = (
			);
			dependencies = (
				90C946BE2ACB452800B9A984 /* PBXTargetDependency */,
			);
			name = RecipeYumUITests;
			productName = RecipeYumUITests;
			productReference = 90C946BC2ACB452800B9A984 /* RecipeYumUITests.xctest */;
			productType = "com.apple.product-type.bundle.ui-testing";
		};
/* End PBXNativeTarget section */

/* Begin PBXProject section */
		90C9469A2ACB452300B9A984 /* Project object */ = {
			isa = PBXProject;
			attributes = {
				BuildIndependentTargetsInParallel = 1;
				LastSwiftUpdateCheck = 1500;
				LastUpgradeCheck = 1500;
				TargetAttributes = {
					90C946A12ACB452400B9A984 = {
						CreatedOnToolsVersion = 15.0;
					};
					90C946B12ACB452800B9A984 = {
						CreatedOnToolsVersion = 15.0;
						TestTargetID = 90C946A12ACB452400B9A984;
					};
					90C946BB2ACB452800B9A984 = {
						CreatedOnToolsVersion = 15.0;
						TestTargetID = 90C946A12ACB452400B9A984;
					};
				};
			};
			buildConfigurationList = 90C9469D2ACB452300B9A984 /* Build configuration list for PBXProject "RecipeYum" */;
			compatibilityVersion = "Xcode 14.0";
			developmentRegion = en;
			hasScannedForEncodings = 0;
			knownRegions = (
				en,
				Base,
			);
			mainGroup = 90C946992ACB452300B9A984;
			packageReferences = (
				7A07C2632AD9F490009980D2 /* XCRemoteSwiftPackageReference "firebase-ios-sdk" */,
			);
			productRefGroup = 90C946A32ACB452400B9A984 /* Products */;
			projectDirPath = "";
			projectRoot = "";
			targets = (
				90C946A12ACB452400B9A984 /* RecipeYum */,
				90C946B12ACB452800B9A984 /* RecipeYumTests */,
				90C946BB2ACB452800B9A984 /* RecipeYumUITests */,
			);
		};
/* End PBXProject section */

/* Begin PBXResourcesBuildPhase section */
		90C946A02ACB452400B9A984 /* Resources */ = {
			isa = PBXResourcesBuildPhase;
			buildActionMask = 2147483647;
			files = (
				90C946AD2ACB452700B9A984 /* Preview Assets.xcassets in Resources */,
				90C946AA2ACB452700B9A984 /* Assets.xcassets in Resources */,
				7A4F16402AE32DB900BC34EC /* GoogleService-Info.plist in Resources */,
			);
			runOnlyForDeploymentPostprocessing = 0;
		};
		90C946B02ACB452800B9A984 /* Resources */ = {
			isa = PBXResourcesBuildPhase;
			buildActionMask = 2147483647;
			files = (
			);
			runOnlyForDeploymentPostprocessing = 0;
		};
		90C946BA2ACB452800B9A984 /* Resources */ = {
			isa = PBXResourcesBuildPhase;
			buildActionMask = 2147483647;
			files = (
			);
			runOnlyForDeploymentPostprocessing = 0;
		};
/* End PBXResourcesBuildPhase section */

/* Begin PBXSourcesBuildPhase section */
		90C9469E2ACB452400B9A984 /* Sources */ = {
			isa = PBXSourcesBuildPhase;
			buildActionMask = 2147483647;
			files = (
				9098C0AC2ADDB02200D2905D /* ImageView.swift in Sources */,
				8BCFC7E02ADE463900FE94C2 /* RegisterView.swift in Sources */,
				7A3326852AD0BE940048E4C7 /* ListView.swift in Sources */,
				7A3326832AD0BE720048E4C7 /* HomeView.swift in Sources */,
				90C946A82ACB452400B9A984 /* ContentView.swift in Sources */,
				8BCFC7D72ADE44AC00FE94C2 /* User.swift in Sources */,
				9098C0AE2ADDCDE200D2905D /* EdamamAPIResponse.swift in Sources */,
				8BCFC7DE2ADE45DC00FE94C2 /* HeaderView.swift in Sources */,
				8BCFC7D52ADE446300FE94C2 /* RegisterViewViewModel.swift in Sources */,
				8BAD15372ADE5A1E00DDE7D7 /* AccountViewViewModel.swift in Sources */,
				90C946A62ACB452400B9A984 /* RecipeYumApp.swift in Sources */,
				9098C0AA2ADDAF8300D2905D /* ImageModel.swift in Sources */,
				9098C0B02ADDF67900D2905D /* ImageDetailPage.swift in Sources */,
				7A3326872AD0BE9E0048E4C7 /* AccountView.swift in Sources */,
				7A07C2622AD9F442009980D2 /* ContentViewViewModel.swift in Sources */,
				8BCFC7DC2ADE45A000FE94C2 /* LoginView.swift in Sources */,
				9098C0A82ADDAC7700D2905D /* ImageListViewModel.swift in Sources */,
				7A07C29B2AD9F586009980D2 /* NavView.swift in Sources */,
				8BCFC7DA2ADE451700FE94C2 /* Extensions.swift in Sources */,
				9098C0B32ADDF6FA00D2905D /* DictionaryUrl.swift in Sources */,
				8BCFC7D32ADE438F00FE94C2 /* LogInViewViewModel.swift in Sources */,
			);
			runOnlyForDeploymentPostprocessing = 0;
		};
		90C946AE2ACB452800B9A984 /* Sources */ = {
			isa = PBXSourcesBuildPhase;
			buildActionMask = 2147483647;
			files = (
				90C946B72ACB452800B9A984 /* RecipeYumTests.swift in Sources */,
			);
			runOnlyForDeploymentPostprocessing = 0;
		};
		90C946B82ACB452800B9A984 /* Sources */ = {
			isa = PBXSourcesBuildPhase;
			buildActionMask = 2147483647;
			files = (
				90C946C32ACB452800B9A984 /* RecipeYumUITestsLaunchTests.swift in Sources */,
				90C946C12ACB452800B9A984 /* RecipeYumUITests.swift in Sources */,
			);
			runOnlyForDeploymentPostprocessing = 0;
		};
/* End PBXSourcesBuildPhase section */

/* Begin PBXTargetDependency section */
		90C946B42ACB452800B9A984 /* PBXTargetDependency */ = {
			isa = PBXTargetDependency;
			target = 90C946A12ACB452400B9A984 /* RecipeYum */;
			targetProxy = 90C946B32ACB452800B9A984 /* PBXContainerItemProxy */;
		};
		90C946BE2ACB452800B9A984 /* PBXTargetDependency */ = {
			isa = PBXTargetDependency;
			target = 90C946A12ACB452400B9A984 /* RecipeYum */;
			targetProxy = 90C946BD2ACB452800B9A984 /* PBXContainerItemProxy */;
		};
/* End PBXTargetDependency section */

/* Begin XCBuildConfiguration section */
		90C946C42ACB452800B9A984 /* Debug */ = {
			isa = XCBuildConfiguration;
			buildSettings = {
				ALWAYS_SEARCH_USER_PATHS = NO;
				ASSETCATALOG_COMPILER_GENERATE_SWIFT_ASSET_SYMBOL_EXTENSIONS = YES;
				CLANG_ANALYZER_NONNULL = YES;
				CLANG_ANALYZER_NUMBER_OBJECT_CONVERSION = YES_AGGRESSIVE;
				CLANG_CXX_LANGUAGE_STANDARD = "gnu++20";
				CLANG_ENABLE_MODULES = YES;
				CLANG_ENABLE_OBJC_ARC = YES;
				CLANG_ENABLE_OBJC_WEAK = YES;
				CLANG_WARN_BLOCK_CAPTURE_AUTORELEASING = YES;
				CLANG_WARN_BOOL_CONVERSION = YES;
				CLANG_WARN_COMMA = YES;
				CLANG_WARN_CONSTANT_CONVERSION = YES;
				CLANG_WARN_DEPRECATED_OBJC_IMPLEMENTATIONS = YES;
				CLANG_WARN_DIRECT_OBJC_ISA_USAGE = YES_ERROR;
				CLANG_WARN_DOCUMENTATION_COMMENTS = YES;
				CLANG_WARN_EMPTY_BODY = YES;
				CLANG_WARN_ENUM_CONVERSION = YES;
				CLANG_WARN_INFINITE_RECURSION = YES;
				CLANG_WARN_INT_CONVERSION = YES;
				CLANG_WARN_NON_LITERAL_NULL_CONVERSION = YES;
				CLANG_WARN_OBJC_IMPLICIT_RETAIN_SELF = YES;
				CLANG_WARN_OBJC_LITERAL_CONVERSION = YES;
				CLANG_WARN_OBJC_ROOT_CLASS = YES_ERROR;
				CLANG_WARN_QUOTED_INCLUDE_IN_FRAMEWORK_HEADER = YES;
				CLANG_WARN_RANGE_LOOP_ANALYSIS = YES;
				CLANG_WARN_STRICT_PROTOTYPES = YES;
				CLANG_WARN_SUSPICIOUS_MOVE = YES;
				CLANG_WARN_UNGUARDED_AVAILABILITY = YES_AGGRESSIVE;
				CLANG_WARN_UNREACHABLE_CODE = YES;
				CLANG_WARN__DUPLICATE_METHOD_MATCH = YES;
				COPY_PHASE_STRIP = NO;
				DEBUG_INFORMATION_FORMAT = dwarf;
				ENABLE_STRICT_OBJC_MSGSEND = YES;
				ENABLE_TESTABILITY = YES;
				ENABLE_USER_SCRIPT_SANDBOXING = YES;
				GCC_C_LANGUAGE_STANDARD = gnu17;
				GCC_DYNAMIC_NO_PIC = NO;
				GCC_NO_COMMON_BLOCKS = YES;
				GCC_OPTIMIZATION_LEVEL = 0;
				GCC_PREPROCESSOR_DEFINITIONS = (
					"DEBUG=1",
					"$(inherited)",
				);
				GCC_WARN_64_TO_32_BIT_CONVERSION = YES;
				GCC_WARN_ABOUT_RETURN_TYPE = YES_ERROR;
				GCC_WARN_UNDECLARED_SELECTOR = YES;
				GCC_WARN_UNINITIALIZED_AUTOS = YES_AGGRESSIVE;
				GCC_WARN_UNUSED_FUNCTION = YES;
				GCC_WARN_UNUSED_VARIABLE = YES;
				IPHONEOS_DEPLOYMENT_TARGET = 17.0;
				LOCALIZATION_PREFERS_STRING_CATALOGS = YES;
				MTL_ENABLE_DEBUG_INFO = INCLUDE_SOURCE;
				MTL_FAST_MATH = YES;
				ONLY_ACTIVE_ARCH = YES;
				SDKROOT = iphoneos;
				SWIFT_ACTIVE_COMPILATION_CONDITIONS = "DEBUG $(inherited)";
				SWIFT_OPTIMIZATION_LEVEL = "-Onone";
			};
			name = Debug;
		};
		90C946C52ACB452800B9A984 /* Release */ = {
			isa = XCBuildConfiguration;
			buildSettings = {
				ALWAYS_SEARCH_USER_PATHS = NO;
				ASSETCATALOG_COMPILER_GENERATE_SWIFT_ASSET_SYMBOL_EXTENSIONS = YES;
				CLANG_ANALYZER_NONNULL = YES;
				CLANG_ANALYZER_NUMBER_OBJECT_CONVERSION = YES_AGGRESSIVE;
				CLANG_CXX_LANGUAGE_STANDARD = "gnu++20";
				CLANG_ENABLE_MODULES = YES;
				CLANG_ENABLE_OBJC_ARC = YES;
				CLANG_ENABLE_OBJC_WEAK = YES;
				CLANG_WARN_BLOCK_CAPTURE_AUTORELEASING = YES;
				CLANG_WARN_BOOL_CONVERSION = YES;
				CLANG_WARN_COMMA = YES;
				CLANG_WARN_CONSTANT_CONVERSION = YES;
				CLANG_WARN_DEPRECATED_OBJC_IMPLEMENTATIONS = YES;
				CLANG_WARN_DIRECT_OBJC_ISA_USAGE = YES_ERROR;
				CLANG_WARN_DOCUMENTATION_COMMENTS = YES;
				CLANG_WARN_EMPTY_BODY = YES;
				CLANG_WARN_ENUM_CONVERSION = YES;
				CLANG_WARN_INFINITE_RECURSION = YES;
				CLANG_WARN_INT_CONVERSION = YES;
				CLANG_WARN_NON_LITERAL_NULL_CONVERSION = YES;
				CLANG_WARN_OBJC_IMPLICIT_RETAIN_SELF = YES;
				CLANG_WARN_OBJC_LITERAL_CONVERSION = YES;
				CLANG_WARN_OBJC_ROOT_CLASS = YES_ERROR;
				CLANG_WARN_QUOTED_INCLUDE_IN_FRAMEWORK_HEADER = YES;
				CLANG_WARN_RANGE_LOOP_ANALYSIS = YES;
				CLANG_WARN_STRICT_PROTOTYPES = YES;
				CLANG_WARN_SUSPICIOUS_MOVE = YES;
				CLANG_WARN_UNGUARDED_AVAILABILITY = YES_AGGRESSIVE;
				CLANG_WARN_UNREACHABLE_CODE = YES;
				CLANG_WARN__DUPLICATE_METHOD_MATCH = YES;
				COPY_PHASE_STRIP = NO;
				DEBUG_INFORMATION_FORMAT = "dwarf-with-dsym";
				ENABLE_NS_ASSERTIONS = NO;
				ENABLE_STRICT_OBJC_MSGSEND = YES;
				ENABLE_USER_SCRIPT_SANDBOXING = YES;
				GCC_C_LANGUAGE_STANDARD = gnu17;
				GCC_NO_COMMON_BLOCKS = YES;
				GCC_WARN_64_TO_32_BIT_CONVERSION = YES;
				GCC_WARN_ABOUT_RETURN_TYPE = YES_ERROR;
				GCC_WARN_UNDECLARED_SELECTOR = YES;
				GCC_WARN_UNINITIALIZED_AUTOS = YES_AGGRESSIVE;
				GCC_WARN_UNUSED_FUNCTION = YES;
				GCC_WARN_UNUSED_VARIABLE = YES;
				IPHONEOS_DEPLOYMENT_TARGET = 17.0;
				LOCALIZATION_PREFERS_STRING_CATALOGS = YES;
				MTL_ENABLE_DEBUG_INFO = NO;
				MTL_FAST_MATH = YES;
				SDKROOT = iphoneos;
				SWIFT_COMPILATION_MODE = wholemodule;
				VALIDATE_PRODUCT = YES;
			};
			name = Release;
		};
		90C946C72ACB452800B9A984 /* Debug */ = {
			isa = XCBuildConfiguration;
			buildSettings = {
				ASSETCATALOG_COMPILER_APPICON_NAME = AppIcon;
				ASSETCATALOG_COMPILER_GLOBAL_ACCENT_COLOR_NAME = AccentColor;
				CODE_SIGN_STYLE = Automatic;
				CURRENT_PROJECT_VERSION = 1;
				DEVELOPMENT_ASSET_PATHS = "\"RecipeYum/Preview Content\"";
				DEVELOPMENT_TEAM = "";
				ENABLE_PREVIEWS = YES;
				GENERATE_INFOPLIST_FILE = YES;
				INFOPLIST_KEY_CFBundleDisplayName = RecipeYum;
				INFOPLIST_KEY_UIApplicationSceneManifest_Generation = YES;
				INFOPLIST_KEY_UIApplicationSupportsIndirectInputEvents = YES;
				INFOPLIST_KEY_UILaunchScreen_Generation = YES;
				INFOPLIST_KEY_UISupportedInterfaceOrientations = UIInterfaceOrientationPortrait;
				LD_RUNPATH_SEARCH_PATHS = (
					"$(inherited)",
					"@executable_path/Frameworks",
				);
				MARKETING_VERSION = 1.0;
				PRODUCT_BUNDLE_IDENTIFIER = com.atuski.RecipeYum;
				PRODUCT_NAME = "$(TARGET_NAME)";
				SWIFT_EMIT_LOC_STRINGS = YES;
				SWIFT_VERSION = 5.0;
				TARGETED_DEVICE_FAMILY = "1,2";
			};
			name = Debug;
		};
		90C946C82ACB452800B9A984 /* Release */ = {
			isa = XCBuildConfiguration;
			buildSettings = {
				ASSETCATALOG_COMPILER_APPICON_NAME = AppIcon;
				ASSETCATALOG_COMPILER_GLOBAL_ACCENT_COLOR_NAME = AccentColor;
				CODE_SIGN_STYLE = Automatic;
				CURRENT_PROJECT_VERSION = 1;
				DEVELOPMENT_ASSET_PATHS = "\"RecipeYum/Preview Content\"";
				DEVELOPMENT_TEAM = "";
				ENABLE_PREVIEWS = YES;
				GENERATE_INFOPLIST_FILE = YES;
				INFOPLIST_KEY_CFBundleDisplayName = RecipeYum;
				INFOPLIST_KEY_UIApplicationSceneManifest_Generation = YES;
				INFOPLIST_KEY_UIApplicationSupportsIndirectInputEvents = YES;
				INFOPLIST_KEY_UILaunchScreen_Generation = YES;
				INFOPLIST_KEY_UISupportedInterfaceOrientations = UIInterfaceOrientationPortrait;
				LD_RUNPATH_SEARCH_PATHS = (
					"$(inherited)",
					"@executable_path/Frameworks",
				);
				MARKETING_VERSION = 1.0;
				PRODUCT_BUNDLE_IDENTIFIER = com.atuski.RecipeYum;
				PRODUCT_NAME = "$(TARGET_NAME)";
				SWIFT_EMIT_LOC_STRINGS = YES;
				SWIFT_VERSION = 5.0;
				TARGETED_DEVICE_FAMILY = "1,2";
			};
			name = Release;
		};
		90C946CA2ACB452800B9A984 /* Debug */ = {
			isa = XCBuildConfiguration;
			buildSettings = {
				ALWAYS_EMBED_SWIFT_STANDARD_LIBRARIES = YES;
				BUNDLE_LOADER = "$(TEST_HOST)";
				CODE_SIGN_STYLE = Automatic;
				CURRENT_PROJECT_VERSION = 1;
				DEVELOPMENT_TEAM = MCXXUBUZW7;
				GENERATE_INFOPLIST_FILE = YES;
				IPHONEOS_DEPLOYMENT_TARGET = 17.0;
				MARKETING_VERSION = 1.0;
				PRODUCT_BUNDLE_IDENTIFIER = com.atuski.RecipeYumTests;
				PRODUCT_NAME = "$(TARGET_NAME)";
				SWIFT_EMIT_LOC_STRINGS = NO;
				SWIFT_VERSION = 5.0;
				TARGETED_DEVICE_FAMILY = "1,2";
				TEST_HOST = "$(BUILT_PRODUCTS_DIR)/RecipeYum.app/$(BUNDLE_EXECUTABLE_FOLDER_PATH)/RecipeYum";
			};
			name = Debug;
		};
		90C946CB2ACB452800B9A984 /* Release */ = {
			isa = XCBuildConfiguration;
			buildSettings = {
				ALWAYS_EMBED_SWIFT_STANDARD_LIBRARIES = YES;
				BUNDLE_LOADER = "$(TEST_HOST)";
				CODE_SIGN_STYLE = Automatic;
				CURRENT_PROJECT_VERSION = 1;
				DEVELOPMENT_TEAM = MCXXUBUZW7;
				GENERATE_INFOPLIST_FILE = YES;
				IPHONEOS_DEPLOYMENT_TARGET = 17.0;
				MARKETING_VERSION = 1.0;
				PRODUCT_BUNDLE_IDENTIFIER = com.atuski.RecipeYumTests;
				PRODUCT_NAME = "$(TARGET_NAME)";
				SWIFT_EMIT_LOC_STRINGS = NO;
				SWIFT_VERSION = 5.0;
				TARGETED_DEVICE_FAMILY = "1,2";
				TEST_HOST = "$(BUILT_PRODUCTS_DIR)/RecipeYum.app/$(BUNDLE_EXECUTABLE_FOLDER_PATH)/RecipeYum";
			};
			name = Release;
		};
		90C946CD2ACB452800B9A984 /* Debug */ = {
			isa = XCBuildConfiguration;
			buildSettings = {
				ALWAYS_EMBED_SWIFT_STANDARD_LIBRARIES = YES;
				CODE_SIGN_STYLE = Automatic;
				CURRENT_PROJECT_VERSION = 1;
				DEVELOPMENT_TEAM = MCXXUBUZW7;
				GENERATE_INFOPLIST_FILE = YES;
				MARKETING_VERSION = 1.0;
				PRODUCT_BUNDLE_IDENTIFIER = com.atuski.RecipeYumUITests;
				PRODUCT_NAME = "$(TARGET_NAME)";
				SWIFT_EMIT_LOC_STRINGS = NO;
				SWIFT_VERSION = 5.0;
				TARGETED_DEVICE_FAMILY = "1,2";
				TEST_TARGET_NAME = RecipeYum;
			};
			name = Debug;
		};
		90C946CE2ACB452800B9A984 /* Release */ = {
			isa = XCBuildConfiguration;
			buildSettings = {
				ALWAYS_EMBED_SWIFT_STANDARD_LIBRARIES = YES;
				CODE_SIGN_STYLE = Automatic;
				CURRENT_PROJECT_VERSION = 1;
				DEVELOPMENT_TEAM = MCXXUBUZW7;
				GENERATE_INFOPLIST_FILE = YES;
				MARKETING_VERSION = 1.0;
				PRODUCT_BUNDLE_IDENTIFIER = com.atuski.RecipeYumUITests;
				PRODUCT_NAME = "$(TARGET_NAME)";
				SWIFT_EMIT_LOC_STRINGS = NO;
				SWIFT_VERSION = 5.0;
				TARGETED_DEVICE_FAMILY = "1,2";
				TEST_TARGET_NAME = RecipeYum;
			};
			name = Release;
		};
/* End XCBuildConfiguration section */

/* Begin XCConfigurationList section */
		90C9469D2ACB452300B9A984 /* Build configuration list for PBXProject "RecipeYum" */ = {
			isa = XCConfigurationList;
			buildConfigurations = (
				90C946C42ACB452800B9A984 /* Debug */,
				90C946C52ACB452800B9A984 /* Release */,
			);
			defaultConfigurationIsVisible = 0;
			defaultConfigurationName = Release;
		};
		90C946C62ACB452800B9A984 /* Build configuration list for PBXNativeTarget "RecipeYum" */ = {
			isa = XCConfigurationList;
			buildConfigurations = (
				90C946C72ACB452800B9A984 /* Debug */,
				90C946C82ACB452800B9A984 /* Release */,
			);
			defaultConfigurationIsVisible = 0;
			defaultConfigurationName = Release;
		};
		90C946C92ACB452800B9A984 /* Build configuration list for PBXNativeTarget "RecipeYumTests" */ = {
			isa = XCConfigurationList;
			buildConfigurations = (
				90C946CA2ACB452800B9A984 /* Debug */,
				90C946CB2ACB452800B9A984 /* Release */,
			);
			defaultConfigurationIsVisible = 0;
			defaultConfigurationName = Release;
		};
		90C946CC2ACB452800B9A984 /* Build configuration list for PBXNativeTarget "RecipeYumUITests" */ = {
			isa = XCConfigurationList;
			buildConfigurations = (
				90C946CD2ACB452800B9A984 /* Debug */,
				90C946CE2ACB452800B9A984 /* Release */,
			);
			defaultConfigurationIsVisible = 0;
			defaultConfigurationName = Release;
		};
/* End XCConfigurationList section */

/* Begin XCRemoteSwiftPackageReference section */
		7A07C2632AD9F490009980D2 /* XCRemoteSwiftPackageReference "firebase-ios-sdk" */ = {
			isa = XCRemoteSwiftPackageReference;
			repositoryURL = "https://github.com/firebase/firebase-ios-sdk";
			requirement = {
				kind = upToNextMajorVersion;
				minimumVersion = 10.16.0;
			};
		};
/* End XCRemoteSwiftPackageReference section */

/* Begin XCSwiftPackageProductDependency section */
		7A07C2642AD9F490009980D2 /* FirebaseAnalytics */ = {
			isa = XCSwiftPackageProductDependency;
			package = 7A07C2632AD9F490009980D2 /* XCRemoteSwiftPackageReference "firebase-ios-sdk" */;
			productName = FirebaseAnalytics;
		};
		7A07C2662AD9F490009980D2 /* FirebaseAnalyticsOnDeviceConversion */ = {
			isa = XCSwiftPackageProductDependency;
			package = 7A07C2632AD9F490009980D2 /* XCRemoteSwiftPackageReference "firebase-ios-sdk" */;
			productName = FirebaseAnalyticsOnDeviceConversion;
		};
		7A07C2682AD9F490009980D2 /* FirebaseAnalyticsSwift */ = {
			isa = XCSwiftPackageProductDependency;
			package = 7A07C2632AD9F490009980D2 /* XCRemoteSwiftPackageReference "firebase-ios-sdk" */;
			productName = FirebaseAnalyticsSwift;
		};
		7A07C26A2AD9F490009980D2 /* FirebaseAnalyticsWithoutAdIdSupport */ = {
			isa = XCSwiftPackageProductDependency;
			package = 7A07C2632AD9F490009980D2 /* XCRemoteSwiftPackageReference "firebase-ios-sdk" */;
			productName = FirebaseAnalyticsWithoutAdIdSupport;
		};
		7A07C26C2AD9F490009980D2 /* FirebaseAppCheck */ = {
			isa = XCSwiftPackageProductDependency;
			package = 7A07C2632AD9F490009980D2 /* XCRemoteSwiftPackageReference "firebase-ios-sdk" */;
			productName = FirebaseAppCheck;
		};
		7A07C26E2AD9F490009980D2 /* FirebaseAppDistribution-Beta */ = {
			isa = XCSwiftPackageProductDependency;
			package = 7A07C2632AD9F490009980D2 /* XCRemoteSwiftPackageReference "firebase-ios-sdk" */;
			productName = "FirebaseAppDistribution-Beta";
		};
		7A07C2702AD9F490009980D2 /* FirebaseAuth */ = {
			isa = XCSwiftPackageProductDependency;
			package = 7A07C2632AD9F490009980D2 /* XCRemoteSwiftPackageReference "firebase-ios-sdk" */;
			productName = FirebaseAuth;
		};
		7A07C2722AD9F490009980D2 /* FirebaseAuthCombine-Community */ = {
			isa = XCSwiftPackageProductDependency;
			package = 7A07C2632AD9F490009980D2 /* XCRemoteSwiftPackageReference "firebase-ios-sdk" */;
			productName = "FirebaseAuthCombine-Community";
		};
		7A07C2742AD9F490009980D2 /* FirebaseCrashlytics */ = {
			isa = XCSwiftPackageProductDependency;
			package = 7A07C2632AD9F490009980D2 /* XCRemoteSwiftPackageReference "firebase-ios-sdk" */;
			productName = FirebaseCrashlytics;
		};
		7A07C2762AD9F490009980D2 /* FirebaseDatabase */ = {
			isa = XCSwiftPackageProductDependency;
			package = 7A07C2632AD9F490009980D2 /* XCRemoteSwiftPackageReference "firebase-ios-sdk" */;
			productName = FirebaseDatabase;
		};
		7A07C2782AD9F490009980D2 /* FirebaseDatabaseSwift */ = {
			isa = XCSwiftPackageProductDependency;
			package = 7A07C2632AD9F490009980D2 /* XCRemoteSwiftPackageReference "firebase-ios-sdk" */;
			productName = FirebaseDatabaseSwift;
		};
		7A07C27A2AD9F490009980D2 /* FirebaseDynamicLinks */ = {
			isa = XCSwiftPackageProductDependency;
			package = 7A07C2632AD9F490009980D2 /* XCRemoteSwiftPackageReference "firebase-ios-sdk" */;
			productName = FirebaseDynamicLinks;
		};
		7A07C27C2AD9F490009980D2 /* FirebaseFirestore */ = {
			isa = XCSwiftPackageProductDependency;
			package = 7A07C2632AD9F490009980D2 /* XCRemoteSwiftPackageReference "firebase-ios-sdk" */;
			productName = FirebaseFirestore;
		};
		7A07C27E2AD9F490009980D2 /* FirebaseFirestoreCombine-Community */ = {
			isa = XCSwiftPackageProductDependency;
			package = 7A07C2632AD9F490009980D2 /* XCRemoteSwiftPackageReference "firebase-ios-sdk" */;
			productName = "FirebaseFirestoreCombine-Community";
		};
		7A07C2802AD9F490009980D2 /* FirebaseFirestoreSwift */ = {
			isa = XCSwiftPackageProductDependency;
			package = 7A07C2632AD9F490009980D2 /* XCRemoteSwiftPackageReference "firebase-ios-sdk" */;
			productName = FirebaseFirestoreSwift;
		};
		7A07C2822AD9F490009980D2 /* FirebaseFunctions */ = {
			isa = XCSwiftPackageProductDependency;
			package = 7A07C2632AD9F490009980D2 /* XCRemoteSwiftPackageReference "firebase-ios-sdk" */;
			productName = FirebaseFunctions;
		};
		7A07C2842AD9F490009980D2 /* FirebaseFunctionsCombine-Community */ = {
			isa = XCSwiftPackageProductDependency;
			package = 7A07C2632AD9F490009980D2 /* XCRemoteSwiftPackageReference "firebase-ios-sdk" */;
			productName = "FirebaseFunctionsCombine-Community";
		};
		7A07C2862AD9F490009980D2 /* FirebaseInAppMessaging-Beta */ = {
			isa = XCSwiftPackageProductDependency;
			package = 7A07C2632AD9F490009980D2 /* XCRemoteSwiftPackageReference "firebase-ios-sdk" */;
			productName = "FirebaseInAppMessaging-Beta";
		};
		7A07C2882AD9F490009980D2 /* FirebaseInAppMessagingSwift-Beta */ = {
			isa = XCSwiftPackageProductDependency;
			package = 7A07C2632AD9F490009980D2 /* XCRemoteSwiftPackageReference "firebase-ios-sdk" */;
			productName = "FirebaseInAppMessagingSwift-Beta";
		};
		7A07C28A2AD9F490009980D2 /* FirebaseInstallations */ = {
			isa = XCSwiftPackageProductDependency;
			package = 7A07C2632AD9F490009980D2 /* XCRemoteSwiftPackageReference "firebase-ios-sdk" */;
			productName = FirebaseInstallations;
		};
		7A07C28C2AD9F490009980D2 /* FirebaseMLModelDownloader */ = {
			isa = XCSwiftPackageProductDependency;
			package = 7A07C2632AD9F490009980D2 /* XCRemoteSwiftPackageReference "firebase-ios-sdk" */;
			productName = FirebaseMLModelDownloader;
		};
		7A07C28E2AD9F490009980D2 /* FirebaseMessaging */ = {
			isa = XCSwiftPackageProductDependency;
			package = 7A07C2632AD9F490009980D2 /* XCRemoteSwiftPackageReference "firebase-ios-sdk" */;
			productName = FirebaseMessaging;
		};
		7A07C2902AD9F490009980D2 /* FirebasePerformance */ = {
			isa = XCSwiftPackageProductDependency;
			package = 7A07C2632AD9F490009980D2 /* XCRemoteSwiftPackageReference "firebase-ios-sdk" */;
			productName = FirebasePerformance;
		};
		7A07C2922AD9F490009980D2 /* FirebaseRemoteConfig */ = {
			isa = XCSwiftPackageProductDependency;
			package = 7A07C2632AD9F490009980D2 /* XCRemoteSwiftPackageReference "firebase-ios-sdk" */;
			productName = FirebaseRemoteConfig;
		};
		7A07C2942AD9F490009980D2 /* FirebaseRemoteConfigSwift */ = {
			isa = XCSwiftPackageProductDependency;
			package = 7A07C2632AD9F490009980D2 /* XCRemoteSwiftPackageReference "firebase-ios-sdk" */;
			productName = FirebaseRemoteConfigSwift;
		};
		7A07C2962AD9F490009980D2 /* FirebaseStorage */ = {
			isa = XCSwiftPackageProductDependency;
			package = 7A07C2632AD9F490009980D2 /* XCRemoteSwiftPackageReference "firebase-ios-sdk" */;
			productName = FirebaseStorage;
		};
		7A07C2982AD9F490009980D2 /* FirebaseStorageCombine-Community */ = {
			isa = XCSwiftPackageProductDependency;
			package = 7A07C2632AD9F490009980D2 /* XCRemoteSwiftPackageReference "firebase-ios-sdk" */;
			productName = "FirebaseStorageCombine-Community";
		};
/* End XCSwiftPackageProductDependency section */
	};
	rootObject = 90C9469A2ACB452300B9A984 /* Project object */;
}
